
Microsoft Visual Studio Solution File, Format Version 12.00
# Visual Studio Version 16
VisualStudioVersion = 16.0.30804.86
MinimumVisualStudioVersion = 10.0.40219.1
Project("{FAE04EC0-301F-11D3-BF4B-00C04F79EFBC}") = "CSharpVariablesBasics", "CSharpVariablesBasics\CSharpVariablesBasics.csproj", "{5AE84CB6-BA27-4044-99A9-75F24E914850}"
EndProject
Project("{9A19103F-16F7-4668-BE54-9A1E7A4F7556}") = "UnaryOperators", "CSharpOperatorsBasics\UnaryOperators.csproj", "{362622CB-4A60-4979-80B3-170C7F32C12D}"
EndProject
Project("{9A19103F-16F7-4668-BE54-9A1E7A4F7556}") = "ConsoleBasics", "InputAndOutputBasics\ConsoleBasics.csproj", "{6B62CE96-FC4E-4F76-BED5-A8CD6C55D829}"
EndProject
Project("{9A19103F-16F7-4668-BE54-9A1E7A4F7556}") = "SpecialCharacters", "StringBasics\SpecialCharacters.csproj", "{1AE96EAB-C27B-48A3-AC00-27157F419AE4}"
EndProject
Project("{9A19103F-16F7-4668-BE54-9A1E7A4F7556}") = "MethodsAndProperties", "MathBasics\MethodsAndProperties.csproj", "{D1C0229F-BC7F-490F-A836-35993E536A2F}"
EndProject
Project("{9A19103F-16F7-4668-BE54-9A1E7A4F7556}") = "IfStatements", "ConditionStatementsBasics\IfStatements.csproj", "{0FDCDF11-4002-4DDE-BD01-5545DC68F214}"
EndProject
Project("{9A19103F-16F7-4668-BE54-9A1E7A4F7556}") = "ForLoops", "LoopingBasics\ForLoops.csproj", "{2C9ED66C-8180-42E2-BB4A-C2817E9CB2B3}"
EndProject
Project("{FAE04EC0-301F-11D3-BF4B-00C04F79EFBC}") = "Arrays", "Arrays\Arrays.csproj", "{1996A366-C6A2-4E24-99CC-E926D89CB11E}"
EndProject
Project("{FAE04EC0-301F-11D3-BF4B-00C04F79EFBC}") = "Methods", "MethodsAndClasses\Methods.csproj", "{CFF4740A-BCCB-4B96-943C-5ED5FEA99F45}"
EndProject
Project("{FAE04EC0-301F-11D3-BF4B-00C04F79EFBC}") = "CallByValuesVsReferenceValues", "CallByValuesVsReferenceValues\CallByValuesVsReferenceValues.csproj", "{D191B3C5-D49B-4143-A4E1-E6E60973FC9D}"
EndProject
Project("{FAE04EC0-301F-11D3-BF4B-00C04F79EFBC}") = "ObjectsAndClasses", "ObjectOrientedProgramming\ObjectsAndClasses.csproj", "{BF20AFF8-F4AD-4B30-AA9D-60C87F87A007}"
EndProject
Project("{2150E333-8FDC-42A3-9474-1A3956D46DE8}") = "CollectionsBasics", "CollectionsBasics", "{15E6E627-ABB5-472D-AEAF-3F27751C8732}"
EndProject
Project("{2150E333-8FDC-42A3-9474-1A3956D46DE8}") = "ConsoleBasics", "ConsoleBasics", "{672B1ABC-7FC7-47D9-9E90-CE6FE1F3B341}"
EndProject
Project("{FAE04EC0-301F-11D3-BF4B-00C04F79EFBC}") = "Customization", "Cust\Customization.csproj", "{6EA5CB97-5C55-400E-96E8-D0885C277129}"
EndProject
Project("{2150E333-8FDC-42A3-9474-1A3956D46DE8}") = "CallByValuesVsReferenceValues", "CallByValuesVsReferenceValues", "{91FAB784-CA76-40AC-A16D-8DF84EEEBE1D}"
EndProject
Project("{2150E333-8FDC-42A3-9474-1A3956D46DE8}") = "ConditionStatementsBasics", "ConditionStatementsBasics", "{861F0AAA-2B17-4B05-A61E-910383D68779}"
EndProject
Project("{FAE04EC0-301F-11D3-BF4B-00C04F79EFBC}") = "SwitchStatements", "SwitchStatements1\SwitchStatements.csproj", "{55EF88EB-BA35-451B-B661-491E35D0916D}"
EndProject
Project("{FAE04EC0-301F-11D3-BF4B-00C04F79EFBC}") = "ArrayLists", "ArrayLists\ArrayLists.csproj", "{7CF7A3D5-D340-474A-B546-A6AE8D1EC7A0}"
EndProject
Project("{2150E333-8FDC-42A3-9474-1A3956D46DE8}") = "CSharpOperatorsBasicsNoCompile", "CSharpOperatorsBasicsNoCompile", "{03AAB3DA-F98D-4A41-B10E-54918802288E}"
EndProject
Project("{2150E333-8FDC-42A3-9474-1A3956D46DE8}") = "CSharpVariablesBasicsNoCompile", "CSharpVariablesBasicsNoCompile", "{4876D0A6-0144-4774-9B3B-E249EFFCD28A}"
EndProject
Project("{2150E333-8FDC-42A3-9474-1A3956D46DE8}") = "LoopingBasics", "LoopingBasics", "{409EDE47-955E-4810-BABC-8458B1939B57}"
EndProject
Project("{2150E333-8FDC-42A3-9474-1A3956D46DE8}") = "MathBasics", "MathBasics", "{B1748010-FAED-4834-A5F7-29DEC5AEEEF0}"
EndProject
Project("{2150E333-8FDC-42A3-9474-1A3956D46DE8}") = "MethodsAndClassesBasics", "MethodsAndClassesBasics", "{F84D51B7-D3A9-4005-B6D0-2169C6633EF8}"
EndProject
Project("{2150E333-8FDC-42A3-9474-1A3956D46DE8}") = "ObjectOrientedProgramming", "ObjectOrientedProgramming", "{DD60A331-BE03-421F-94D5-42A603703857}"
EndProject
Project("{2150E333-8FDC-42A3-9474-1A3956D46DE8}") = "StringManipulationBasics", "StringManipulationBasics", "{58652090-1489-4990-9E68-5285F2B5E9AE}"
EndProject
Project("{FAE04EC0-301F-11D3-BF4B-00C04F79EFBC}") = "MethodsAndProperties", "MethodsAndProperties\MethodsAndProperties.csproj", "{B21005D3-8EE5-4969-9D43-E21B7AF61890}"
EndProject
Project("{FAE04EC0-301F-11D3-BF4B-00C04F79EFBC}") = "Inheritance", "Inheritance1\Inheritance.csproj", "{3D939F5C-2ED1-445E-9E43-37614BA089FD}"
EndProject
Project("{FAE04EC0-301F-11D3-BF4B-00C04F79EFBC}") = "Polymorphism", "Polymorphism\Polymorphism.csproj", "{F8A8410A-6B50-4FBC-9D9E-614867323056}"
EndProject
Project("{FAE04EC0-301F-11D3-BF4B-00C04F79EFBC}") = "Classes", "Classes\Classes.csproj", "{CA7ACE25-1537-41C8-A0F5-643B392D057A}"
EndProject
Project("{FAE04EC0-301F-11D3-BF4B-00C04F79EFBC}") = "WhileLoops", "WhileLoops\WhileLoops.csproj", "{CCB2AC26-E275-441E-A4A3-C8C6F36BE9E7}"
EndProject
Project("{FAE04EC0-301F-11D3-BF4B-00C04F79EFBC}") = "AssignmentOperators", "ConsoleApp1\AssignmentOperators.csproj", "{7D3FA5C0-D991-4856-AFEE-CD97392C2165}"
EndProject
Project("{FAE04EC0-301F-11D3-BF4B-00C04F79EFBC}") = "BinaryOperators", "ConsoleApp2\BinaryOperators.csproj", "{454C8EE0-D1BD-4B9C-AC06-FAC238E72434}"
EndProject
Project("{FAE04EC0-301F-11D3-BF4B-00C04F79EFBC}") = "ComparisonOperators", "ConsoleApp3\ComparisonOperators.csproj", "{1DB52BDB-3E0A-42D7-BAEC-7771882E3473}"
EndProject
Project("{FAE04EC0-301F-11D3-BF4B-00C04F79EFBC}") = "LogicalOperators", "ConsoleApp4\LogicalOperators.csproj", "{E231B6CA-DDA2-465E-82C8-BCF558031C03}"
EndProject
Global
	GlobalSection(SolutionConfigurationPlatforms) = preSolution
		Debug|Any CPU = Debug|Any CPU
		Release|Any CPU = Release|Any CPU
	EndGlobalSection
	GlobalSection(ProjectConfigurationPlatforms) = postSolution
		{5AE84CB6-BA27-4044-99A9-75F24E914850}.Debug|Any CPU.ActiveCfg = Debug|Any CPU
		{5AE84CB6-BA27-4044-99A9-75F24E914850}.Debug|Any CPU.Build.0 = Debug|Any CPU
		{5AE84CB6-BA27-4044-99A9-75F24E914850}.Release|Any CPU.ActiveCfg = Release|Any CPU
		{5AE84CB6-BA27-4044-99A9-75F24E914850}.Release|Any CPU.Build.0 = Release|Any CPU
		{362622CB-4A60-4979-80B3-170C7F32C12D}.Debug|Any CPU.ActiveCfg = Debug|Any CPU
		{362622CB-4A60-4979-80B3-170C7F32C12D}.Debug|Any CPU.Build.0 = Debug|Any CPU
		{362622CB-4A60-4979-80B3-170C7F32C12D}.Release|Any CPU.ActiveCfg = Release|Any CPU
		{362622CB-4A60-4979-80B3-170C7F32C12D}.Release|Any CPU.Build.0 = Release|Any CPU
		{6B62CE96-FC4E-4F76-BED5-A8CD6C55D829}.Debug|Any CPU.ActiveCfg = Debug|Any CPU
		{6B62CE96-FC4E-4F76-BED5-A8CD6C55D829}.Debug|Any CPU.Build.0 = Debug|Any CPU
		{6B62CE96-FC4E-4F76-BED5-A8CD6C55D829}.Release|Any CPU.ActiveCfg = Release|Any CPU
		{6B62CE96-FC4E-4F76-BED5-A8CD6C55D829}.Release|Any CPU.Build.0 = Release|Any CPU
		{1AE96EAB-C27B-48A3-AC00-27157F419AE4}.Debug|Any CPU.ActiveCfg = Debug|Any CPU
		{1AE96EAB-C27B-48A3-AC00-27157F419AE4}.Debug|Any CPU.Build.0 = Debug|Any CPU
		{1AE96EAB-C27B-48A3-AC00-27157F419AE4}.Release|Any CPU.ActiveCfg = Release|Any CPU
		{1AE96EAB-C27B-48A3-AC00-27157F419AE4}.Release|Any CPU.Build.0 = Release|Any CPU
		{D1C0229F-BC7F-490F-A836-35993E536A2F}.Debug|Any CPU.ActiveCfg = Debug|Any CPU
		{D1C0229F-BC7F-490F-A836-35993E536A2F}.Debug|Any CPU.Build.0 = Debug|Any CPU
		{D1C0229F-BC7F-490F-A836-35993E536A2F}.Release|Any CPU.ActiveCfg = Release|Any CPU
		{D1C0229F-BC7F-490F-A836-35993E536A2F}.Release|Any CPU.Build.0 = Release|Any CPU
		{0FDCDF11-4002-4DDE-BD01-5545DC68F214}.Debug|Any CPU.ActiveCfg = Debug|Any CPU
		{0FDCDF11-4002-4DDE-BD01-5545DC68F214}.Debug|Any CPU.Build.0 = Debug|Any CPU
		{0FDCDF11-4002-4DDE-BD01-5545DC68F214}.Release|Any CPU.ActiveCfg = Release|Any CPU
		{0FDCDF11-4002-4DDE-BD01-5545DC68F214}.Release|Any CPU.Build.0 = Release|Any CPU
		{2C9ED66C-8180-42E2-BB4A-C2817E9CB2B3}.Debug|Any CPU.ActiveCfg = Debug|Any CPU
		{2C9ED66C-8180-42E2-BB4A-C2817E9CB2B3}.Debug|Any CPU.Build.0 = Debug|Any CPU
		{2C9ED66C-8180-42E2-BB4A-C2817E9CB2B3}.Release|Any CPU.ActiveCfg = Release|Any CPU
		{2C9ED66C-8180-42E2-BB4A-C2817E9CB2B3}.Release|Any CPU.Build.0 = Release|Any CPU
		{1996A366-C6A2-4E24-99CC-E926D89CB11E}.Debug|Any CPU.ActiveCfg = Debug|Any CPU
		{1996A366-C6A2-4E24-99CC-E926D89CB11E}.Debug|Any CPU.Build.0 = Debug|Any CPU
		{1996A366-C6A2-4E24-99CC-E926D89CB11E}.Release|Any CPU.ActiveCfg = Release|Any CPU
		{1996A366-C6A2-4E24-99CC-E926D89CB11E}.Release|Any CPU.Build.0 = Release|Any CPU
		{CFF4740A-BCCB-4B96-943C-5ED5FEA99F45}.Debug|Any CPU.ActiveCfg = Debug|Any CPU
		{CFF4740A-BCCB-4B96-943C-5ED5FEA99F45}.Debug|Any CPU.Build.0 = Debug|Any CPU
		{CFF4740A-BCCB-4B96-943C-5ED5FEA99F45}.Release|Any CPU.ActiveCfg = Release|Any CPU
		{CFF4740A-BCCB-4B96-943C-5ED5FEA99F45}.Release|Any CPU.Build.0 = Release|Any CPU
		{D191B3C5-D49B-4143-A4E1-E6E60973FC9D}.Debug|Any CPU.ActiveCfg = Debug|Any CPU
		{D191B3C5-D49B-4143-A4E1-E6E60973FC9D}.Debug|Any CPU.Build.0 = Debug|Any CPU
		{D191B3C5-D49B-4143-A4E1-E6E60973FC9D}.Release|Any CPU.ActiveCfg = Release|Any CPU
		{D191B3C5-D49B-4143-A4E1-E6E60973FC9D}.Release|Any CPU.Build.0 = Release|Any CPU
		{BF20AFF8-F4AD-4B30-AA9D-60C87F87A007}.Debug|Any CPU.ActiveCfg = Debug|Any CPU
		{BF20AFF8-F4AD-4B30-AA9D-60C87F87A007}.Debug|Any CPU.Build.0 = Debug|Any CPU
		{BF20AFF8-F4AD-4B30-AA9D-60C87F87A007}.Release|Any CPU.ActiveCfg = Release|Any CPU
		{BF20AFF8-F4AD-4B30-AA9D-60C87F87A007}.Release|Any CPU.Build.0 = Release|Any CPU
		{6EA5CB97-5C55-400E-96E8-D0885C277129}.Debug|Any CPU.ActiveCfg = Debug|Any CPU
		{6EA5CB97-5C55-400E-96E8-D0885C277129}.Debug|Any CPU.Build.0 = Debug|Any CPU
		{6EA5CB97-5C55-400E-96E8-D0885C277129}.Release|Any CPU.ActiveCfg = Release|Any CPU
		{6EA5CB97-5C55-400E-96E8-D0885C277129}.Release|Any CPU.Build.0 = Release|Any CPU
		{55EF88EB-BA35-451B-B661-491E35D0916D}.Debug|Any CPU.ActiveCfg = Debug|Any CPU
		{55EF88EB-BA35-451B-B661-491E35D0916D}.Debug|Any CPU.Build.0 = Debug|Any CPU
		{55EF88EB-BA35-451B-B661-491E35D0916D}.Release|Any CPU.ActiveCfg = Release|Any CPU
		{55EF88EB-BA35-451B-B661-491E35D0916D}.Release|Any CPU.Build.0 = Release|Any CPU
		{7CF7A3D5-D340-474A-B546-A6AE8D1EC7A0}.Debug|Any CPU.ActiveCfg = Debug|Any CPU
		{7CF7A3D5-D340-474A-B546-A6AE8D1EC7A0}.Debug|Any CPU.Build.0 = Debug|Any CPU
		{7CF7A3D5-D340-474A-B546-A6AE8D1EC7A0}.Release|Any CPU.ActiveCfg = Release|Any CPU
		{7CF7A3D5-D340-474A-B546-A6AE8D1EC7A0}.Release|Any CPU.Build.0 = Release|Any CPU
		{B21005D3-8EE5-4969-9D43-E21B7AF61890}.Debug|Any CPU.ActiveCfg = Debug|Any CPU
		{B21005D3-8EE5-4969-9D43-E21B7AF61890}.Debug|Any CPU.Build.0 = Debug|Any CPU
		{B21005D3-8EE5-4969-9D43-E21B7AF61890}.Release|Any CPU.ActiveCfg = Release|Any CPU
		{B21005D3-8EE5-4969-9D43-E21B7AF61890}.Release|Any CPU.Build.0 = Release|Any CPU
		{3D939F5C-2ED1-445E-9E43-37614BA089FD}.Debug|Any CPU.ActiveCfg = Debug|Any CPU
		{3D939F5C-2ED1-445E-9E43-37614BA089FD}.Debug|Any CPU.Build.0 = Debug|Any CPU
		{3D939F5C-2ED1-445E-9E43-37614BA089FD}.Release|Any CPU.ActiveCfg = Release|Any CPU
		{3D939F5C-2ED1-445E-9E43-37614BA089FD}.Release|Any CPU.Build.0 = Release|Any CPU
		{F8A8410A-6B50-4FBC-9D9E-614867323056}.Debug|Any CPU.ActiveCfg = Debug|Any CPU
		{F8A8410A-6B50-4FBC-9D9E-614867323056}.Debug|Any CPU.Build.0 = Debug|Any CPU
		{F8A8410A-6B50-4FBC-9D9E-614867323056}.Release|Any CPU.ActiveCfg = Release|Any CPU
		{F8A8410A-6B50-4FBC-9D9E-614867323056}.Release|Any CPU.Build.0 = Release|Any CPU
		{CA7ACE25-1537-41C8-A0F5-643B392D057A}.Debug|Any CPU.ActiveCfg = Debug|Any CPU
		{CA7ACE25-1537-41C8-A0F5-643B392D057A}.Debug|Any CPU.Build.0 = Debug|Any CPU
		{CA7ACE25-1537-41C8-A0F5-643B392D057A}.Release|Any CPU.ActiveCfg = Release|Any CPU
		{CA7ACE25-1537-41C8-A0F5-643B392D057A}.Release|Any CPU.Build.0 = Release|Any CPU
		{CCB2AC26-E275-441E-A4A3-C8C6F36BE9E7}.Debug|Any CPU.ActiveCfg = Debug|Any CPU
		{CCB2AC26-E275-441E-A4A3-C8C6F36BE9E7}.Debug|Any CPU.Build.0 = Debug|Any CPU
		{CCB2AC26-E275-441E-A4A3-C8C6F36BE9E7}.Release|Any CPU.ActiveCfg = Release|Any CPU
		{CCB2AC26-E275-441E-A4A3-C8C6F36BE9E7}.Release|Any CPU.Build.0 = Release|Any CPU
		{7D3FA5C0-D991-4856-AFEE-CD97392C2165}.Debug|Any CPU.ActiveCfg = Debug|Any CPU
		{7D3FA5C0-D991-4856-AFEE-CD97392C2165}.Debug|Any CPU.Build.0 = Debug|Any CPU
		{7D3FA5C0-D991-4856-AFEE-CD97392C2165}.Release|Any CPU.ActiveCfg = Release|Any CPU
		{7D3FA5C0-D991-4856-AFEE-CD97392C2165}.Release|Any CPU.Build.0 = Release|Any CPU
		{454C8EE0-D1BD-4B9C-AC06-FAC238E72434}.Debug|Any CPU.ActiveCfg = Debug|Any CPU
		{454C8EE0-D1BD-4B9C-AC06-FAC238E72434}.Debug|Any CPU.Build.0 = Debug|Any CPU
		{454C8EE0-D1BD-4B9C-AC06-FAC238E72434}.Release|Any CPU.ActiveCfg = Release|Any CPU
		{454C8EE0-D1BD-4B9C-AC06-FAC238E72434}.Release|Any CPU.Build.0 = Release|Any CPU
		{1DB52BDB-3E0A-42D7-BAEC-7771882E3473}.Debug|Any CPU.ActiveCfg = Debug|Any CPU
		{1DB52BDB-3E0A-42D7-BAEC-7771882E3473}.Debug|Any CPU.Build.0 = Debug|Any CPU
		{1DB52BDB-3E0A-42D7-BAEC-7771882E3473}.Release|Any CPU.ActiveCfg = Release|Any CPU
		{1DB52BDB-3E0A-42D7-BAEC-7771882E3473}.Release|Any CPU.Build.0 = Release|Any CPU
		{E231B6CA-DDA2-465E-82C8-BCF558031C03}.Debug|Any CPU.ActiveCfg = Debug|Any CPU
		{E231B6CA-DDA2-465E-82C8-BCF558031C03}.Debug|Any CPU.Build.0 = Debug|Any CPU
		{E231B6CA-DDA2-465E-82C8-BCF558031C03}.Release|Any CPU.ActiveCfg = Release|Any CPU
		{E231B6CA-DDA2-465E-82C8-BCF558031C03}.Release|Any CPU.Build.0 = Release|Any CPU
	EndGlobalSection
	GlobalSection(SolutionProperties) = preSolution
		HideSolutionNode = FALSE
	EndGlobalSection
	GlobalSection(NestedProjects) = preSolution
		{5AE84CB6-BA27-4044-99A9-75F24E914850} = {4876D0A6-0144-4774-9B3B-E249EFFCD28A}
		{362622CB-4A60-4979-80B3-170C7F32C12D} = {03AAB3DA-F98D-4A41-B10E-54918802288E}
		{6B62CE96-FC4E-4F76-BED5-A8CD6C55D829} = {672B1ABC-7FC7-47D9-9E90-CE6FE1F3B341}
		{1AE96EAB-C27B-48A3-AC00-27157F419AE4} = {58652090-1489-4990-9E68-5285F2B5E9AE}
		{D1C0229F-BC7F-490F-A836-35993E536A2F} = {B1748010-FAED-4834-A5F7-29DEC5AEEEF0}
		{0FDCDF11-4002-4DDE-BD01-5545DC68F214} = {861F0AAA-2B17-4B05-A61E-910383D68779}
		{2C9ED66C-8180-42E2-BB4A-C2817E9CB2B3} = {409EDE47-955E-4810-BABC-8458B1939B57}
		{1996A366-C6A2-4E24-99CC-E926D89CB11E} = {15E6E627-ABB5-472D-AEAF-3F27751C8732}
		{CFF4740A-BCCB-4B96-943C-5ED5FEA99F45} = {F84D51B7-D3A9-4005-B6D0-2169C6633EF8}
		{D191B3C5-D49B-4143-A4E1-E6E60973FC9D} = {91FAB784-CA76-40AC-A16D-8DF84EEEBE1D}
		{BF20AFF8-F4AD-4B30-AA9D-60C87F87A007} = {DD60A331-BE03-421F-94D5-42A603703857}
		{6EA5CB97-5C55-400E-96E8-D0885C277129} = {672B1ABC-7FC7-47D9-9E90-CE6FE1F3B341}
		{55EF88EB-BA35-451B-B661-491E35D0916D} = {861F0AAA-2B17-4B05-A61E-910383D68779}
		{7CF7A3D5-D340-474A-B546-A6AE8D1EC7A0} = {15E6E627-ABB5-472D-AEAF-3F27751C8732}
		{B21005D3-8EE5-4969-9D43-E21B7AF61890} = {58652090-1489-4990-9E68-5285F2B5E9AE}
		{3D939F5C-2ED1-445E-9E43-37614BA089FD} = {DD60A331-BE03-421F-94D5-42A603703857}
		{F8A8410A-6B50-4FBC-9D9E-614867323056} = {DD60A331-BE03-421F-94D5-42A603703857}
		{CA7ACE25-1537-41C8-A0F5-643B392D057A} = {F84D51B7-D3A9-4005-B6D0-2169C6633EF8}
		{CCB2AC26-E275-441E-A4A3-C8C6F36BE9E7} = {409EDE47-955E-4810-BABC-8458B1939B57}
		{7D3FA5C0-D991-4856-AFEE-CD97392C2165} = {03AAB3DA-F98D-4A41-B10E-54918802288E}
		{454C8EE0-D1BD-4B9C-AC06-FAC238E72434} = {03AAB3DA-F98D-4A41-B10E-54918802288E}
		{1DB52BDB-3E0A-42D7-BAEC-7771882E3473} = {03AAB3DA-F98D-4A41-B10E-54918802288E}
		{E231B6CA-DDA2-465E-82C8-BCF558031C03} = {03AAB3DA-F98D-4A41-B10E-54918802288E}
	EndGlobalSection
	GlobalSection(ExtensibilityGlobals) = postSolution
		SolutionGuid = {5DBBEC64-B018-47F3-9E7A-F9E10147341A}
	EndGlobalSection
EndGlobal
